
Microsoft Visual Studio Solution File, Format Version 12.00
# Visual Studio Version 17
VisualStudioVersion = 17.6.33815.320
MinimumVisualStudioVersion = 10.0.40219.1
Project("{9A19103F-16F7-4668-BE54-9A1E7A4F7556}") = "QLSV", "QLSV\QLSV.csproj", "{959D75BE-09CC-43D8-8729-5F101B753ED6}"
EndProject
Project("{FAE04EC0-301F-11D3-BF4B-00C04F79EFBC}") = "QLRapPhim", "QLRapPhim\QLRapPhim.csproj", "{001BC595-3F63-4A8C-B1C5-A9F29C110803}"
EndProject
Global
	GlobalSection(SolutionConfigurationPlatforms) = preSolution
		Debug|Any CPU = Debug|Any CPU
		Release|Any CPU = Release|Any CPU
	EndGlobalSection
	GlobalSection(ProjectConfigurationPlatforms) = postSolution
		{959D75BE-09CC-43D8-8729-5F101B753ED6}.Debug|Any CPU.ActiveCfg = Debug|Any CPU
		{959D75BE-09CC-43D8-8729-5F101B753ED6}.Debug|Any CPU.Build.0 = Debug|Any CPU
		{959D75BE-09CC-43D8-8729-5F101B753ED6}.Release|Any CPU.ActiveCfg = Release|Any CPU
		{959D75BE-09CC-43D8-8729-5F101B753ED6}.Release|Any CPU.Build.0 = Release|Any CPU
		{001BC595-3F63-4A8C-B1C5-A9F29C110803}.Debug|Any CPU.ActiveCfg = Debug|Any CPU
		{001BC595-3F63-4A8C-B1C5-A9F29C110803}.Debug|Any CPU.Build.0 = Debug|Any CPU
		{001BC595-3F63-4A8C-B1C5-A9F29C110803}.Release|Any CPU.ActiveCfg = Release|Any CPU
		{001BC595-3F63-4A8C-B1C5-A9F29C110803}.Release|Any CPU.Build.0 = Release|Any CPU
	EndGlobalSection
	GlobalSection(SolutionProperties) = preSolution
		HideSolutionNode = FALSE
	EndGlobalSection
	GlobalSection(ExtensibilityGlobals) = postSolution
		SolutionGuid = {48F5DD81-5C71-4A9D-AA8D-E303E817825A}
	EndGlobalSection
EndGlobal
